
Microsoft Visual Studio Solution File, Format Version 12.00
# Visual Studio Version 17
VisualStudioVersion = 17.13.35931.197 d17.13
MinimumVisualStudioVersion = 10.0.40219.1
Project("{8BC9CEB8-8B4A-11D0-8D11-00A0C91BC942}") = "Brotschneidemaschine", "Brotschneidemaschine\Brotschneidemaschine.vcxproj", "{3FBBD8FF-8A70-4559-84F0-6CC3C8D829FC}"
EndProject
Global
	GlobalSection(SolutionConfigurationPlatforms) = preSolution
		Debug|x64 = Debug|x64
		Debug|x86 = Debug|x86
		Release|x64 = Release|x64
		Release|x86 = Release|x86
	EndGlobalSection
	GlobalSection(ProjectConfigurationPlatforms) = postSolution
		{3FBBD8FF-8A70-4559-84F0-6CC3C8D829FC}.Debug|x64.ActiveCfg = Debug|x64
		{3FBBD8FF-8A70-4559-84F0-6CC3C8D829FC}.Debug|x64.Build.0 = Debug|x64
		{3FBBD8FF-8A70-4559-84F0-6CC3C8D829FC}.Debug|x86.ActiveCfg = Debug|Win32
		{3FBBD8FF-8A70-4559-84F0-6CC3C8D829FC}.Debug|x86.Build.0 = Debug|Win32
		{3FBBD8FF-8A70-4559-84F0-6CC3C8D829FC}.Release|x64.ActiveCfg = Release|x64
		{3FBBD8FF-8A70-4559-84F0-6CC3C8D829FC}.Release|x64.Build.0 = Release|x64
		{3FBBD8FF-8A70-4559-84F0-6CC3C8D829FC}.Release|x86.ActiveCfg = Release|Win32
		{3FBBD8FF-8A70-4559-84F0-6CC3C8D829FC}.Release|x86.Build.0 = Release|Win32
	EndGlobalSection
	GlobalSection(SolutionProperties) = preSolution
		HideSolutionNode = FALSE
	EndGlobalSection
	GlobalSection(ExtensibilityGlobals) = postSolution
		SolutionGuid = {28F687A0-7C5A-4A49-95C0-CAACBC032D8D}
	EndGlobalSection
EndGlobal
